
Microsoft Visual Studio Solution File, Format Version 12.00
# Visual Studio Version 17
VisualStudioVersion = 17.2.32317.152
MinimumVisualStudioVersion = 10.0.40219.1
Project("{9A19103F-16F7-4668-BE54-9A1E7A4F7556}") = "Microsoft.Band.Maui", "Microsoft.Band.Maui\Microsoft.Band.Maui.csproj", "{F03F82EE-CEF1-47C0-84BC-14760CF331AD}"
EndProject
Project("{9A19103F-16F7-4668-BE54-9A1E7A4F7556}") = "Microsoft.Band", "Microsoft.Band\Microsoft.Band.csproj", "{7AC5B21C-E909-4D66-A9BC-F92525720E49}"
EndProject
Project("{2150E333-8FDC-42A3-9474-1A3956D46DE8}") = "Admin", "Admin", "{F164F679-B7CD-4953-86EB-B6A68EA3C32E}"
EndProject
Project("{9A19103F-16F7-4668-BE54-9A1E7A4F7556}") = "Microsoft.Band.Admin", "Admin\Microsoft.Band.Admin\Microsoft.Band.Admin.csproj", "{2B8CFAAE-9DD7-4FCD-9157-82EFFDC64307}"
EndProject
Project("{FAE04EC0-301F-11D3-BF4B-00C04F79EFBC}") = "Microsoft.Band.Uno", "Microsoft.Band.Uno\Microsoft.Band.Uno.csproj", "{0B9C552D-5806-48D1-BFDD-DEF74577F614}"
EndProject
Global
	GlobalSection(SolutionConfigurationPlatforms) = preSolution
		Debug|Any CPU = Debug|Any CPU
		Release|Any CPU = Release|Any CPU
	EndGlobalSection
	GlobalSection(ProjectConfigurationPlatforms) = postSolution
		{F03F82EE-CEF1-47C0-84BC-14760CF331AD}.Debug|Any CPU.ActiveCfg = Debug|Any CPU
		{F03F82EE-CEF1-47C0-84BC-14760CF331AD}.Debug|Any CPU.Build.0 = Debug|Any CPU
		{F03F82EE-CEF1-47C0-84BC-14760CF331AD}.Release|Any CPU.ActiveCfg = Release|Any CPU
		{F03F82EE-CEF1-47C0-84BC-14760CF331AD}.Release|Any CPU.Build.0 = Release|Any CPU
		{7AC5B21C-E909-4D66-A9BC-F92525720E49}.Debug|Any CPU.ActiveCfg = Debug|Any CPU
		{7AC5B21C-E909-4D66-A9BC-F92525720E49}.Debug|Any CPU.Build.0 = Debug|Any CPU
		{7AC5B21C-E909-4D66-A9BC-F92525720E49}.Release|Any CPU.ActiveCfg = Release|Any CPU
		{7AC5B21C-E909-4D66-A9BC-F92525720E49}.Release|Any CPU.Build.0 = Release|Any CPU
		{2B8CFAAE-9DD7-4FCD-9157-82EFFDC64307}.Debug|Any CPU.ActiveCfg = Debug|Any CPU
		{2B8CFAAE-9DD7-4FCD-9157-82EFFDC64307}.Debug|Any CPU.Build.0 = Debug|Any CPU
		{2B8CFAAE-9DD7-4FCD-9157-82EFFDC64307}.Release|Any CPU.ActiveCfg = Release|Any CPU
		{2B8CFAAE-9DD7-4FCD-9157-82EFFDC64307}.Release|Any CPU.Build.0 = Release|Any CPU
		{0B9C552D-5806-48D1-BFDD-DEF74577F614}.Debug|Any CPU.ActiveCfg = Debug|Any CPU
		{0B9C552D-5806-48D1-BFDD-DEF74577F614}.Debug|Any CPU.Build.0 = Debug|Any CPU
		{0B9C552D-5806-48D1-BFDD-DEF74577F614}.Release|Any CPU.ActiveCfg = Release|Any CPU
		{0B9C552D-5806-48D1-BFDD-DEF74577F614}.Release|Any CPU.Build.0 = Release|Any CPU
	EndGlobalSection
	GlobalSection(SolutionProperties) = preSolution
		HideSolutionNode = FALSE
	EndGlobalSection
	GlobalSection(NestedProjects) = preSolution
		{2B8CFAAE-9DD7-4FCD-9157-82EFFDC64307} = {F164F679-B7CD-4953-86EB-B6A68EA3C32E}
	EndGlobalSection
	GlobalSection(ExtensibilityGlobals) = postSolution
		SolutionGuid = {A99A85DD-74FD-4489-B824-64A9F8BAC86B}
	EndGlobalSection
EndGlobal
